
Microsoft Visual Studio Solution File, Format Version 12.00
# Visual Studio Version 17
VisualStudioVersion = 17.5.33318.248
MinimumVisualStudioVersion = 10.0.40219.1
Project("{9A19103F-16F7-4668-BE54-9A1E7A4F7556}") = "TransactionHelpers", "TransactionHelpers\TransactionHelpers.csproj", "{DAA3BF61-E304-493A-A38B-1AF8E53D2FE9}"
EndProject
Project("{9A19103F-16F7-4668-BE54-9A1E7A4F7556}") = "TransactionHelpers.UnitTest", "TransactionHelpers.UnitTest\TransactionHelpers.UnitTest.csproj", "{E6CDB7F3-A974-4F6A-81A7-D071F1E9C8B5}"
EndProject
Project("{9A19103F-16F7-4668-BE54-9A1E7A4F7556}") = "_build", "build\_build.csproj", "{F2ABF92F-E742-4E22-B797-F24F0824C7B0}"
EndProject
Global
	GlobalSection(SolutionConfigurationPlatforms) = preSolution
		Debug|Any CPU = Debug|Any CPU
		Release|Any CPU = Release|Any CPU
	EndGlobalSection
	GlobalSection(ProjectConfigurationPlatforms) = postSolution
		{DAA3BF61-E304-493A-A38B-1AF8E53D2FE9}.Debug|Any CPU.ActiveCfg = Debug|Any CPU
		{DAA3BF61-E304-493A-A38B-1AF8E53D2FE9}.Debug|Any CPU.Build.0 = Debug|Any CPU
		{DAA3BF61-E304-493A-A38B-1AF8E53D2FE9}.Release|Any CPU.ActiveCfg = Release|Any CPU
		{DAA3BF61-E304-493A-A38B-1AF8E53D2FE9}.Release|Any CPU.Build.0 = Release|Any CPU
		{E6CDB7F3-A974-4F6A-81A7-D071F1E9C8B5}.Debug|Any CPU.ActiveCfg = Debug|Any CPU
		{E6CDB7F3-A974-4F6A-81A7-D071F1E9C8B5}.Debug|Any CPU.Build.0 = Debug|Any CPU
		{E6CDB7F3-A974-4F6A-81A7-D071F1E9C8B5}.Release|Any CPU.ActiveCfg = Release|Any CPU
		{E6CDB7F3-A974-4F6A-81A7-D071F1E9C8B5}.Release|Any CPU.Build.0 = Release|Any CPU
		{F2ABF92F-E742-4E22-B797-F24F0824C7B0}.Debug|Any CPU.ActiveCfg = Debug|Any CPU
		{F2ABF92F-E742-4E22-B797-F24F0824C7B0}.Release|Any CPU.ActiveCfg = Release|Any CPU
	EndGlobalSection
	GlobalSection(SolutionProperties) = preSolution
		HideSolutionNode = FALSE
	EndGlobalSection
	GlobalSection(ExtensibilityGlobals) = postSolution
		SolutionGuid = {5522EB15-20B4-4B55-95C9-576C4B6DE544}
	EndGlobalSection
EndGlobal
